
Microsoft Visual Studio Solution File, Format Version 12.00
# Visual Studio Version 16
VisualStudioVersion = 16.0.30517.126
MinimumVisualStudioVersion = 10.0.40219.1
Project("{FAE04EC0-301F-11D3-BF4B-00C04F79EFBC}") = "curso-git", "curso-git\curso-git.csproj", "{B6266701-2EF9-46DC-9760-CA687FF0832C}"
EndProject
Global
	GlobalSection(SolutionConfigurationPlatforms) = preSolution
		Debug|Any CPU = Debug|Any CPU
		Release|Any CPU = Release|Any CPU
	EndGlobalSection
	GlobalSection(ProjectConfigurationPlatforms) = postSolution
		{B6266701-2EF9-46DC-9760-CA687FF0832C}.Debug|Any CPU.ActiveCfg = Debug|Any CPU
		{B6266701-2EF9-46DC-9760-CA687FF0832C}.Debug|Any CPU.Build.0 = Debug|Any CPU
		{B6266701-2EF9-46DC-9760-CA687FF0832C}.Release|Any CPU.ActiveCfg = Release|Any CPU
		{B6266701-2EF9-46DC-9760-CA687FF0832C}.Release|Any CPU.Build.0 = Release|Any CPU
	EndGlobalSection
	GlobalSection(SolutionProperties) = preSolution
		HideSolutionNode = FALSE
	EndGlobalSection
	GlobalSection(ExtensibilityGlobals) = postSolution
		SolutionGuid = {3EA47BBE-7079-4E38-B606-6D80AB349C27}
	EndGlobalSection
EndGlobal
